
Microsoft Visual Studio Solution File, Format Version 12.00
# Visual Studio Version 16
VisualStudioVersion = 16.0.31911.196
MinimumVisualStudioVersion = 10.0.40219.1
Project("{FAE04EC0-301F-11D3-BF4B-00C04F79EFBC}") = "WebApplication6", "WebApplication6\WebApplication6.csproj", "{F64AE676-E5E8-466B-A663-35B4692C14D5}"
EndProject
Global
	GlobalSection(SolutionConfigurationPlatforms) = preSolution
		Debug|Any CPU = Debug|Any CPU
		Release|Any CPU = Release|Any CPU
	EndGlobalSection
	GlobalSection(ProjectConfigurationPlatforms) = postSolution
		{F64AE676-E5E8-466B-A663-35B4692C14D5}.Debug|Any CPU.ActiveCfg = Debug|Any CPU
		{F64AE676-E5E8-466B-A663-35B4692C14D5}.Debug|Any CPU.Build.0 = Debug|Any CPU
		{F64AE676-E5E8-466B-A663-35B4692C14D5}.Release|Any CPU.ActiveCfg = Release|Any CPU
		{F64AE676-E5E8-466B-A663-35B4692C14D5}.Release|Any CPU.Build.0 = Release|Any CPU
	EndGlobalSection
	GlobalSection(SolutionProperties) = preSolution
		HideSolutionNode = FALSE
	EndGlobalSection
	GlobalSection(ExtensibilityGlobals) = postSolution
		SolutionGuid = {E2D36309-E0F5-40D6-8398-A332786537B3}
	EndGlobalSection
EndGlobal
